{
  "originHash" : "f346215cd705cb39ba715325a89a0745b68765274222b0315a6903c3198896d6",
  "pins" : [
    {
      "identity" : "adhan-swift",
      "kind" : "remoteSourceControl",
      "location" : "https://github.com/batoulapps/adhan-swift.git",
      "state" : {
        "branch" : "develop",
        "revision" : "fe8381795e65dc00ca0a584a2e82058f05e371d0"
      }
    },
    {
      "identity" : "zamzamkit",
      "kind" : "remoteSourceControl",
      "location" : "https://github.com/ZamzamInc/ZamzamKit.git",
      "state" : {
        "branch" : "main",
        "revision" : "2e9becdf54fca900471dfc0e06c853407732a3ab"
      }
    }
  ],
  "version" : 3
}
