{
  "originHash" : "ea41389f63a96cebdfe56e85bef80092685bb472bc20bea6c80ce94bbc58b80d",
  "pins" : [
    {
      "identity" : "adhan-swift",
      "kind" : "remoteSourceControl",
      "location" : "https://github.com/batoulapps/adhan-swift.git",
      "state" : {
        "branch" : "develop",
        "revision" : "fe8381795e65dc00ca0a584a2e82058f05e371d0"
      }
    },
    {
      "identity" : "puppy",
      "kind" : "remoteSourceControl",
      "location" : "https://github.com/sushichop/Puppy.git",
      "state" : {
        "revision" : "c095c2abf314d84ed43bcfe0e7e8fe1e0c9007f0",
        "version" : "0.11.0"
      }
    },
    {
      "identity" : "stripe-ios-spm",
      "kind" : "remoteSourceControl",
      "location" : "https://github.com/stripe/stripe-ios-spm",
      "state" : {
        "revision" : "d91001846fb3e2fa751abbaaa9339950426b381c",
        "version" : "25.17.0"
      }
    },
    {
      "identity" : "swift-log",
      "kind" : "remoteSourceControl",
      "location" : "https://github.com/apple/swift-log.git",
      "state" : {
        "revision" : "9c6fb14227f55d8f711ce3847dc2f419fb0ecacb",
        "version" : "1.15.1"
      }
    }
  ],
  "version" : 3
}
