{
  "pins" : [
    {
      "identity" : "adhan-swift",
      "kind" : "remoteSourceControl",
      "location" : "https://github.com/batoulapps/adhan-swift.git",
      "state" : {
        "branch" : "develop",
        "revision" : "fe8381795e65dc00ca0a584a2e82058f05e371d0"
      }
    },
    {
      "identity" : "zamzamkit",
      "kind" : "remoteSourceControl",
      "location" : "https://github.com/ZamzamInc/ZamzamKit.git",
      "state" : {
        "branch" : "main",
        "revision" : "f571a98f9d3bb33d77a4e310808e0d70a7984a6f"
      }
    }
  ],
  "version" : 2
}
